
Microsoft Visual Studio Solution File, Format Version 12.00
# Visual Studio 14
VisualStudioVersion = 14.0.23103.0
MinimumVisualStudioVersion = 10.0.40219.1
Project("{2150E333-8FDC-42A3-9474-1A3956D46DE8}") = "Data", "Data", "{FC986A07-60DC-4407-BA5B-826EF8949908}"
	ProjectSection(SolutionItems) = preProject
		Data\campaign.xml = Data\campaign.xml
		Data\campaignBriefing.xml = Data\campaignBriefing.xml
		Data\campaignStep.xml = Data\campaignStep.xml
		Data\campaignTree.xml = Data\campaignTree.xml
		Data\equipment.xml = Data\equipment.xml
		Data\equipmentClass.xml = Data\equipmentClass.xml
		Data\equipmentSubClass.xml = Data\equipmentSubClass.xml
		Data\movementCost.xml = Data\movementCost.xml
		Data\movementCostModifier.xml = Data\movementCostModifier.xml
		Data\scenario.xml = Data\scenario.xml
		Data\scenarioClassPurchase.xml = Data\scenarioClassPurchase.xml
		Data\scenarioNation.xml = Data\scenarioNation.xml
		Data\scenarioPrestigeAllotment.xml = Data\scenarioPrestigeAllotment.xml
		Data\scenarioSide.xml = Data\scenarioSide.xml
		Data\scenarioTile.xml = Data\scenarioTile.xml
		Data\scenarioUnit.xml = Data\scenarioUnit.xml
		Data\terrain.xml = Data\terrain.xml
		Data\tileName.xml = Data\tileName.xml
		Data\victoryConditionCampaign.xml = Data\victoryConditionCampaign.xml
		Data\victoryConditionStandAlone.xml = Data\victoryConditionStandAlone.xml
		Data\weatherProbability.xml = Data\weatherProbability.xml
	EndProjectSection
EndProject
Project("{F2A71F9B-5D33-465A-A702-920D77279786}") = "ChickenSoftware.PanzerGeneralPortable.Core", "ChickenSoftware.PanzerGeneralPortable.Core\ChickenSoftware.PanzerGeneralPortable.Core.fsproj", "{A87A1811-47C6-4290-B1B7-24C36FBE4B64}"
EndProject
Global
	GlobalSection(SolutionConfigurationPlatforms) = preSolution
		Debug|Any CPU = Debug|Any CPU
		Release|Any CPU = Release|Any CPU
	EndGlobalSection
	GlobalSection(ProjectConfigurationPlatforms) = postSolution
		{A87A1811-47C6-4290-B1B7-24C36FBE4B64}.Debug|Any CPU.ActiveCfg = Debug|Any CPU
		{A87A1811-47C6-4290-B1B7-24C36FBE4B64}.Debug|Any CPU.Build.0 = Debug|Any CPU
		{A87A1811-47C6-4290-B1B7-24C36FBE4B64}.Release|Any CPU.ActiveCfg = Release|Any CPU
		{A87A1811-47C6-4290-B1B7-24C36FBE4B64}.Release|Any CPU.Build.0 = Release|Any CPU
	EndGlobalSection
	GlobalSection(SolutionProperties) = preSolution
		HideSolutionNode = FALSE
	EndGlobalSection
EndGlobal
